// !$*UTF8*$!
{
	archiveVersion = 1;
	classes = {
	};
	objectVersion = 48;
	objects = {

/* Begin PBXBuildFile section */
		1295AFD920EBD10E00DBF632 /* AppDelegate.swift in Sources */ = {isa = PBXBuildFile; fileRef = 1295AFD820EBD10E00DBF632 /* AppDelegate.swift */; };
		1295AFDB20EBD10E00DBF632 /* art.scnassets in Resources */ = {isa = PBXBuildFile; fileRef = 1295AFDA20EBD10E00DBF632 /* art.scnassets */; };
		1295AFDD20EBD10E00DBF632 /* GameViewController.swift in Sources */ = {isa = PBXBuildFile; fileRef = 1295AFDC20EBD10E00DBF632 /* GameViewController.swift */; };
		1295AFE020EBD10E00DBF632 /* Main.storyboard in Resources */ = {isa = PBXBuildFile; fileRef = 1295AFDE20EBD10E00DBF632 /* Main.storyboard */; };
		1295AFE220EBD10E00DBF632 /* Assets.xcassets in Resources */ = {isa = PBXBuildFile; fileRef = 1295AFE120EBD10E00DBF632 /* Assets.xcassets */; };
		1295AFE520EBD10E00DBF632 /* LaunchScreen.storyboard in Resources */ = {isa = PBXBuildFile; fileRef = 1295AFE320EBD10E00DBF632 /* LaunchScreen.storyboard */; };
		1295AFED20EBD13E00DBF632 /* Minnow.swift in Sources */ = {isa = PBXBuildFile; fileRef = 1295AFEC20EBD13E00DBF632 /* Minnow.swift */; };
		51990AAB22D288F500EB8C43 /* SCNVector3+Extensions.swift in Sources */ = {isa = PBXBuildFile; fileRef = 51990AAA22D288F500EB8C43 /* SCNVector3+Extensions.swift */; };
/* End PBXBuildFile section */

/* Begin PBXFileReference section */
		1295AFD520EBD10E00DBF632 /* Schooling.app */ = {isa = PBXFileReference; explicitFileType = wrapper.application; includeInIndex = 0; path = Schooling.app; sourceTree = BUILT_PRODUCTS_DIR; };
		1295AFD820EBD10E00DBF632 /* AppDelegate.swift */ = {isa = PBXFileReference; lastKnownFileType = sourcecode.swift; path = AppDelegate.swift; sourceTree = "<group>"; };
		1295AFDA20EBD10E00DBF632 /* art.scnassets */ = {isa = PBXFileReference; lastKnownFileType = wrapper.scnassets; path = art.scnassets; sourceTree = "<group>"; };
		1295AFDC20EBD10E00DBF632 /* GameViewController.swift */ = {isa = PBXFileReference; lastKnownFileType = sourcecode.swift; path = GameViewController.swift; sourceTree = "<group>"; };
		1295AFDF20EBD10E00DBF632 /* Base */ = {isa = PBXFileReference; lastKnownFileType = file.storyboard; name = Base; path = Base.lproj/Main.storyboard; sourceTree = "<group>"; };
		1295AFE120EBD10E00DBF632 /* Assets.xcassets */ = {isa = PBXFileReference; lastKnownFileType = folder.assetcatalog; path = Assets.xcassets; sourceTree = "<group>"; };
		1295AFE420EBD10E00DBF632 /* Base */ = {isa = PBXFileReference; lastKnownFileType = file.storyboard; name = Base; path = Base.lproj/LaunchScreen.storyboard; sourceTree = "<group>"; };
		1295AFE620EBD10E00DBF632 /* Info.plist */ = {isa = PBXFileReference; lastKnownFileType = text.plist.xml; path = Info.plist; sourceTree = "<group>"; };
		1295AFEC20EBD13E00DBF632 /* Minnow.swift */ = {isa = PBXFileReference; lastKnownFileType = sourcecode.swift; path = Minnow.swift; sourceTree = "<group>"; };
		51990AAA22D288F500EB8C43 /* SCNVector3+Extensions.swift */ = {isa = PBXFileReference; fileEncoding = 4; lastKnownFileType = sourcecode.swift; name = "SCNVector3+Extensions.swift"; path = "../../../SCNVector3+Extensions.swift"; sourceTree = "<group>"; };
/* End PBXFileReference section */

/* Begin PBXFrameworksBuildPhase section */
		1295AFD220EBD10E00DBF632 /* Frameworks */ = {
			isa = PBXFrameworksBuildPhase;
			buildActionMask = 2147483647;
			files = (
			);
			runOnlyForDeploymentPostprocessing = 0;
		};
/* End PBXFrameworksBuildPhase section */

/* Begin PBXGroup section */
		1295AFCC20EBD10E00DBF632 = {
			isa = PBXGroup;
			children = (
				1295AFD720EBD10E00DBF632 /* Schooling */,
				1295AFD620EBD10E00DBF632 /* Products */,
			);
			sourceTree = "<group>";
		};
		1295AFD620EBD10E00DBF632 /* Products */ = {
			isa = PBXGroup;
			children = (
				1295AFD520EBD10E00DBF632 /* Schooling.app */,
			);
			name = Products;
			sourceTree = "<group>";
		};
		1295AFD720EBD10E00DBF632 /* Schooling */ = {
			isa = PBXGroup;
			children = (
				1295AFD820EBD10E00DBF632 /* AppDelegate.swift */,
				1295AFDA20EBD10E00DBF632 /* art.scnassets */,
				1295AFDC20EBD10E00DBF632 /* GameViewController.swift */,
				1295AFEC20EBD13E00DBF632 /* Minnow.swift */,
				51990AAA22D288F500EB8C43 /* SCNVector3+Extensions.swift */,
				1295AFDE20EBD10E00DBF632 /* Main.storyboard */,
				1295AFE120EBD10E00DBF632 /* Assets.xcassets */,
				1295AFE320EBD10E00DBF632 /* LaunchScreen.storyboard */,
				1295AFE620EBD10E00DBF632 /* Info.plist */,
			);
			path = Schooling;
			sourceTree = "<group>";
		};
/* End PBXGroup section */

/* Begin PBXNativeTarget section */
		1295AFD420EBD10E00DBF632 /* Schooling */ = {
			isa = PBXNativeTarget;
			buildConfigurationList = 1295AFE920EBD10E00DBF632 /* Build configuration list for PBXNativeTarget "Schooling" */;
			buildPhases = (
				1295AFD120EBD10E00DBF632 /* Sources */,
				1295AFD220EBD10E00DBF632 /* Frameworks */,
				1295AFD320EBD10E00DBF632 /* Resources */,
			);
			buildRules = (
			);
			dependencies = (
			);
			name = Schooling;
			productName = Schooling;
			productReference = 1295AFD520EBD10E00DBF632 /* Schooling.app */;
			productType = "com.apple.product-type.application";
		};
/* End PBXNativeTarget section */

/* Begin PBXProject section */
		1295AFCD20EBD10E00DBF632 /* Project object */ = {
			isa = PBXProject;
			attributes = {
				LastSwiftUpdateCheck = 0920;
				LastUpgradeCheck = 0920;
				ORGANIZATIONNAME = "Geran Pele";
				TargetAttributes = {
					1295AFD420EBD10E00DBF632 = {
						CreatedOnToolsVersion = 9.2;
						ProvisioningStyle = Automatic;
					};
				};
			};
			buildConfigurationList = 1295AFD020EBD10E00DBF632 /* Build configuration list for PBXProject "Schooling" */;
			compatibilityVersion = "Xcode 8.0";
			developmentRegion = en;
			hasScannedForEncodings = 0;
			knownRegions = (
				en,
				Base,
			);
			mainGroup = 1295AFCC20EBD10E00DBF632;
			productRefGroup = 1295AFD620EBD10E00DBF632 /* Products */;
			projectDirPath = "";
			projectRoot = "";
			targets = (
				1295AFD420EBD10E00DBF632 /* Schooling */,
			);
		};
/* End PBXProject section */

/* Begin PBXResourcesBuildPhase section */
		1295AFD320EBD10E00DBF632 /* Resources */ = {
			isa = PBXResourcesBuildPhase;
			buildActionMask = 2147483647;
			files = (
				1295AFDB20EBD10E00DBF632 /* art.scnassets in Resources */,
				1295AFE520EBD10E00DBF632 /* LaunchScreen.storyboard in Resources */,
				1295AFE220EBD10E00DBF632 /* Assets.xcassets in Resources */,
				1295AFE020EBD10E00DBF632 /* Main.storyboard in Resources */,
			);
			runOnlyForDeploymentPostprocessing = 0;
		};
/* End PBXResourcesBuildPhase section */

/* Begin PBXSourcesBuildPhase section */
		1295AFD120EBD10E00DBF632 /* Sources */ = {
			isa = PBXSourcesBuildPhase;
			buildActionMask = 2147483647;
			files = (
				1295AFED20EBD13E00DBF632 /* Minnow.swift in Sources */,
				1295AFDD20EBD10E00DBF632 /* GameViewController.swift in Sources */,
				1295AFD920EBD10E00DBF632 /* AppDelegate.swift in Sources */,
				51990AAB22D288F500EB8C43 /* SCNVector3+Extensions.swift in Sources */,
			);
			runOnlyForDeploymentPostprocessing = 0;
		};
/* End PBXSourcesBuildPhase section */

/* Begin PBXVariantGroup section */
		1295AFDE20EBD10E00DBF632 /* Main.storyboard */ = {
			isa = PBXVariantGroup;
			children = (
				1295AFDF20EBD10E00DBF632 /* Base */,
			);
			name = Main.storyboard;
			sourceTree = "<group>";
		};
		1295AFE320EBD10E00DBF632 /* LaunchScreen.storyboard */ = {
			isa = PBXVariantGroup;
			children = (
				1295AFE420EBD10E00DBF632 /* Base */,
			);
			name = LaunchScreen.storyboard;
			sourceTree = "<group>";
		};
/* End PBXVariantGroup section */

/* Begin XCBuildConfiguration section */
		1295AFE720EBD10E00DBF632 /* Debug */ = {
			isa = XCBuildConfiguration;
			buildSettings = {
				ALWAYS_SEARCH_USER_PATHS = NO;
				CLANG_ANALYZER_NONNULL = YES;
				CLANG_ANALYZER_NUMBER_OBJECT_CONVERSION = YES_AGGRESSIVE;
				CLANG_CXX_LANGUAGE_STANDARD = "gnu++14";
				CLANG_CXX_LIBRARY = "libc++";
				CLANG_ENABLE_MODULES = YES;
				CLANG_ENABLE_OBJC_ARC = YES;
				CLANG_WARN_BLOCK_CAPTURE_AUTORELEASING = YES;
				CLANG_WARN_BOOL_CONVERSION = YES;
				CLANG_WARN_COMMA = YES;
				CLANG_WARN_CONSTANT_CONVERSION = YES;
				CLANG_WARN_DIRECT_OBJC_ISA_USAGE = YES_ERROR;
				CLANG_WARN_DOCUMENTATION_COMMENTS = YES;
				CLANG_WARN_EMPTY_BODY = YES;
				CLANG_WARN_ENUM_CONVERSION = YES;
				CLANG_WARN_INFINITE_RECURSION = YES;
				CLANG_WARN_INT_CONVERSION = YES;
				CLANG_WARN_NON_LITERAL_NULL_CONVERSION = YES;
				CLANG_WARN_OBJC_LITERAL_CONVERSION = YES;
				CLANG_WARN_OBJC_ROOT_CLASS = YES_ERROR;
				CLANG_WARN_RANGE_LOOP_ANALYSIS = YES;
				CLANG_WARN_STRICT_PROTOTYPES = YES;
				CLANG_WARN_SUSPICIOUS_MOVE = YES;
				CLANG_WARN_UNGUARDED_AVAILABILITY = YES_AGGRESSIVE;
				CLANG_WARN_UNREACHABLE_CODE = YES;
				CLANG_WARN__DUPLICATE_METHOD_MATCH = YES;
				CODE_SIGN_IDENTITY = "iPhone Developer";
				COPY_PHASE_STRIP = NO;
				DEBUG_INFORMATION_FORMAT = dwarf;
				ENABLE_STRICT_OBJC_MSGSEND = YES;
				ENABLE_TESTABILITY = YES;
				GCC_C_LANGUAGE_STANDARD = gnu11;
				GCC_DYNAMIC_NO_PIC = NO;
				GCC_NO_COMMON_BLOCKS = YES;
				GCC_OPTIMIZATION_LEVEL = 0;
				GCC_PREPROCESSOR_DEFINITIONS = (
					"DEBUG=1",
					"$(inherited)",
				);
				GCC_WARN_64_TO_32_BIT_CONVERSION = YES;
				GCC_WARN_ABOUT_RETURN_TYPE = YES_ERROR;
				GCC_WARN_UNDECLARED_SELECTOR = YES;
				GCC_WARN_UNINITIALIZED_AUTOS = YES_AGGRESSIVE;
				GCC_WARN_UNUSED_FUNCTION = YES;
				GCC_WARN_UNUSED_VARIABLE = YES;
				IPHONEOS_DEPLOYMENT_TARGET = 11.2;
				MTL_ENABLE_DEBUG_INFO = YES;
				ONLY_ACTIVE_ARCH = YES;
				SDKROOT = iphoneos;
				SWIFT_ACTIVE_COMPILATION_CONDITIONS = DEBUG;
				SWIFT_OPTIMIZATION_LEVEL = "-Onone";
			};
			name = Debug;
		};
		1295AFE820EBD10E00DBF632 /* Release */ = {
			isa = XCBuildConfiguration;
			buildSettings = {
				ALWAYS_SEARCH_USER_PATHS = NO;
				CLANG_ANALYZER_NONNULL = YES;
				CLANG_ANALYZER_NUMBER_OBJECT_CONVERSION = YES_AGGRESSIVE;
				CLANG_CXX_LANGUAGE_STANDARD = "gnu++14";
				CLANG_CXX_LIBRARY = "libc++";
				CLANG_ENABLE_MODULES = YES;
				CLANG_ENABLE_OBJC_ARC = YES;
				CLANG_WARN_BLOCK_CAPTURE_AUTORELEASING = YES;
				CLANG_WARN_BOOL_CONVERSION = YES;
				CLANG_WARN_COMMA = YES;
				CLANG_WARN_CONSTANT_CONVERSION = YES;
				CLANG_WARN_DIRECT_OBJC_ISA_USAGE = YES_ERROR;
				CLANG_WARN_DOCUMENTATION_COMMENTS = YES;
				CLANG_WARN_EMPTY_BODY = YES;
				CLANG_WARN_ENUM_CONVERSION = YES;
				CLANG_WARN_INFINITE_RECURSION = YES;
				CLANG_WARN_INT_CONVERSION = YES;
				CLANG_WARN_NON_LITERAL_NULL_CONVERSION = YES;
				CLANG_WARN_OBJC_LITERAL_CONVERSION = YES;
				CLANG_WARN_OBJC_ROOT_CLASS = YES_ERROR;
				CLANG_WARN_RANGE_LOOP_ANALYSIS = YES;
				CLANG_WARN_STRICT_PROTOTYPES = YES;
				CLANG_WARN_SUSPICIOUS_MOVE = YES;
				CLANG_WARN_UNGUARDED_AVAILABILITY = YES_AGGRESSIVE;
				CLANG_WARN_UNREACHABLE_CODE = YES;
				CLANG_WARN__DUPLICATE_METHOD_MATCH = YES;
				CODE_SIGN_IDENTITY = "iPhone Developer";
				COPY_PHASE_STRIP = NO;
				DEBUG_INFORMATION_FORMAT = "dwarf-with-dsym";
				ENABLE_NS_ASSERTIONS = NO;
				ENABLE_STRICT_OBJC_MSGSEND = YES;
				GCC_C_LANGUAGE_STANDARD = gnu11;
				GCC_NO_COMMON_BLOCKS = YES;
				GCC_WARN_64_TO_32_BIT_CONVERSION = YES;
				GCC_WARN_ABOUT_RETURN_TYPE = YES_ERROR;
				GCC_WARN_UNDECLARED_SELECTOR = YES;
				GCC_WARN_UNINITIALIZED_AUTOS = YES_AGGRESSIVE;
				GCC_WARN_UNUSED_FUNCTION = YES;
				GCC_WARN_UNUSED_VARIABLE = YES;
				IPHONEOS_DEPLOYMENT_TARGET = 11.2;
				MTL_ENABLE_DEBUG_INFO = NO;
				SDKROOT = iphoneos;
				SWIFT_OPTIMIZATION_LEVEL = "-Owholemodule";
				VALIDATE_PRODUCT = YES;
			};
			name = Release;
		};
		1295AFEA20EBD10E00DBF632 /* Debug */ = {
			isa = XCBuildConfiguration;
			buildSettings = {
				ASSETCATALOG_COMPILER_APPICON_NAME = AppIcon;
				CODE_SIGN_STYLE = Automatic;
				DEVELOPMENT_TEAM = 8TDB85NTGY;
				INFOPLIST_FILE = Schooling/Info.plist;
				LD_RUNPATH_SEARCH_PATHS = "$(inherited) @executable_path/Frameworks";
				PRODUCT_BUNDLE_IDENTIFIER = "Geran-Pele.Schooling";
				PRODUCT_NAME = "$(TARGET_NAME)";
				SWIFT_VERSION = 4.0;
				TARGETED_DEVICE_FAMILY = "1,2";
			};
			name = Debug;
		};
		1295AFEB20EBD10E00DBF632 /* Release */ = {
			isa = XCBuildConfiguration;
			buildSettings = {
				ASSETCATALOG_COMPILER_APPICON_NAME = AppIcon;
				CODE_SIGN_STYLE = Automatic;
				DEVELOPMENT_TEAM = 8TDB85NTGY;
				INFOPLIST_FILE = Schooling/Info.plist;
				LD_RUNPATH_SEARCH_PATHS = "$(inherited) @executable_path/Frameworks";
				PRODUCT_BUNDLE_IDENTIFIER = "Geran-Pele.Schooling";
				PRODUCT_NAME = "$(TARGET_NAME)";
				SWIFT_VERSION = 4.0;
				TARGETED_DEVICE_FAMILY = "1,2";
			};
			name = Release;
		};
/* End XCBuildConfiguration section */

/* Begin XCConfigurationList section */
		1295AFD020EBD10E00DBF632 /* Build configuration list for PBXProject "Schooling" */ = {
			isa = XCConfigurationList;
			buildConfigurations = (
				1295AFE720EBD10E00DBF632 /* Debug */,
				1295AFE820EBD10E00DBF632 /* Release */,
			);
			defaultConfigurationIsVisible = 0;
			defaultConfigurationName = Release;
		};
		1295AFE920EBD10E00DBF632 /* Build configuration list for PBXNativeTarget "Schooling" */ = {
			isa = XCConfigurationList;
			buildConfigurations = (
				1295AFEA20EBD10E00DBF632 /* Debug */,
				1295AFEB20EBD10E00DBF632 /* Release */,
			);
			defaultConfigurationIsVisible = 0;
			defaultConfigurationName = Release;
		};
/* End XCConfigurationList section */
	};
	rootObject = 1295AFCD20EBD10E00DBF632 /* Project object */;
}
