// !$*UTF8*$!
{
	archiveVersion = 1;
	classes = {
	};
	objectVersion = 50;
	objects = {

/* Begin PBXBuildFile section */
		510591B222EE31CF00CAF1BB /* AppDelegate.swift in Sources */ = {isa = PBXBuildFile; fileRef = 510591B122EE31CF00CAF1BB /* AppDelegate.swift */; };
		510591B422EE31CF00CAF1BB /* art.scnassets in Resources */ = {isa = PBXBuildFile; fileRef = 510591B322EE31CF00CAF1BB /* art.scnassets */; };
		510591B622EE31CF00CAF1BB /* ViewController.swift in Sources */ = {isa = PBXBuildFile; fileRef = 510591B522EE31CF00CAF1BB /* ViewController.swift */; };
		510591B922EE31CF00CAF1BB /* Main.storyboard in Resources */ = {isa = PBXBuildFile; fileRef = 510591B722EE31CF00CAF1BB /* Main.storyboard */; };
		510591BB22EE31D000CAF1BB /* Assets.xcassets in Resources */ = {isa = PBXBuildFile; fileRef = 510591BA22EE31D000CAF1BB /* Assets.xcassets */; };
		510591BE22EE31D000CAF1BB /* LaunchScreen.storyboard in Resources */ = {isa = PBXBuildFile; fileRef = 510591BC22EE31D000CAF1BB /* LaunchScreen.storyboard */; };
		510591C622EE321000CAF1BB /* Tank.swift in Sources */ = {isa = PBXBuildFile; fileRef = 510591C522EE321000CAF1BB /* Tank.swift */; };
		5181249A22EE51CE00DBE339 /* Minnow.swift in Sources */ = {isa = PBXBuildFile; fileRef = 5181249922EE51CE00DBE339 /* Minnow.swift */; };
/* End PBXBuildFile section */

/* Begin PBXFileReference section */
		510591AE22EE31CF00CAF1BB /* Sharks&Minnows.app */ = {isa = PBXFileReference; explicitFileType = wrapper.application; includeInIndex = 0; path = "Sharks&Minnows.app"; sourceTree = BUILT_PRODUCTS_DIR; };
		510591B122EE31CF00CAF1BB /* AppDelegate.swift */ = {isa = PBXFileReference; lastKnownFileType = sourcecode.swift; path = AppDelegate.swift; sourceTree = "<group>"; };
		510591B322EE31CF00CAF1BB /* art.scnassets */ = {isa = PBXFileReference; lastKnownFileType = wrapper.scnassets; path = art.scnassets; sourceTree = "<group>"; };
		510591B522EE31CF00CAF1BB /* ViewController.swift */ = {isa = PBXFileReference; lastKnownFileType = sourcecode.swift; path = ViewController.swift; sourceTree = "<group>"; };
		510591B822EE31CF00CAF1BB /* Base */ = {isa = PBXFileReference; lastKnownFileType = file.storyboard; name = Base; path = Base.lproj/Main.storyboard; sourceTree = "<group>"; };
		510591BA22EE31D000CAF1BB /* Assets.xcassets */ = {isa = PBXFileReference; lastKnownFileType = folder.assetcatalog; path = Assets.xcassets; sourceTree = "<group>"; };
		510591BD22EE31D000CAF1BB /* Base */ = {isa = PBXFileReference; lastKnownFileType = file.storyboard; name = Base; path = Base.lproj/LaunchScreen.storyboard; sourceTree = "<group>"; };
		510591BF22EE31D000CAF1BB /* Info.plist */ = {isa = PBXFileReference; lastKnownFileType = text.plist.xml; path = Info.plist; sourceTree = "<group>"; };
		510591C522EE321000CAF1BB /* Tank.swift */ = {isa = PBXFileReference; lastKnownFileType = sourcecode.swift; path = Tank.swift; sourceTree = "<group>"; };
		5181249922EE51CE00DBE339 /* Minnow.swift */ = {isa = PBXFileReference; lastKnownFileType = sourcecode.swift; path = Minnow.swift; sourceTree = "<group>"; };
/* End PBXFileReference section */

/* Begin PBXFrameworksBuildPhase section */
		510591AB22EE31CF00CAF1BB /* Frameworks */ = {
			isa = PBXFrameworksBuildPhase;
			buildActionMask = 2147483647;
			files = (
			);
			runOnlyForDeploymentPostprocessing = 0;
		};
/* End PBXFrameworksBuildPhase section */

/* Begin PBXGroup section */
		510591A522EE31CF00CAF1BB = {
			isa = PBXGroup;
			children = (
				510591B022EE31CF00CAF1BB /* Sharks&Minnows */,
				510591AF22EE31CF00CAF1BB /* Products */,
			);
			sourceTree = "<group>";
		};
		510591AF22EE31CF00CAF1BB /* Products */ = {
			isa = PBXGroup;
			children = (
				510591AE22EE31CF00CAF1BB /* Sharks&Minnows.app */,
			);
			name = Products;
			sourceTree = "<group>";
		};
		510591B022EE31CF00CAF1BB /* Sharks&Minnows */ = {
			isa = PBXGroup;
			children = (
				510591B122EE31CF00CAF1BB /* AppDelegate.swift */,
				510591B322EE31CF00CAF1BB /* art.scnassets */,
				510591B522EE31CF00CAF1BB /* ViewController.swift */,
				510591B722EE31CF00CAF1BB /* Main.storyboard */,
				510591BA22EE31D000CAF1BB /* Assets.xcassets */,
				510591BC22EE31D000CAF1BB /* LaunchScreen.storyboard */,
				510591BF22EE31D000CAF1BB /* Info.plist */,
				510591C522EE321000CAF1BB /* Tank.swift */,
				5181249922EE51CE00DBE339 /* Minnow.swift */,
			);
			path = "Sharks&Minnows";
			sourceTree = "<group>";
		};
/* End PBXGroup section */

/* Begin PBXNativeTarget section */
		510591AD22EE31CF00CAF1BB /* Sharks&Minnows */ = {
			isa = PBXNativeTarget;
			buildConfigurationList = 510591C222EE31D000CAF1BB /* Build configuration list for PBXNativeTarget "Sharks&Minnows" */;
			buildPhases = (
				510591AA22EE31CF00CAF1BB /* Sources */,
				510591AB22EE31CF00CAF1BB /* Frameworks */,
				510591AC22EE31CF00CAF1BB /* Resources */,
			);
			buildRules = (
			);
			dependencies = (
			);
			name = "Sharks&Minnows";
			productName = "Sharks&Minnows";
			productReference = 510591AE22EE31CF00CAF1BB /* Sharks&Minnows.app */;
			productType = "com.apple.product-type.application";
		};
/* End PBXNativeTarget section */

/* Begin PBXProject section */
		510591A622EE31CF00CAF1BB /* Project object */ = {
			isa = PBXProject;
			attributes = {
				LastSwiftUpdateCheck = 1030;
				LastUpgradeCheck = 1030;
				ORGANIZATIONNAME = "Geran Pele";
				TargetAttributes = {
					510591AD22EE31CF00CAF1BB = {
						CreatedOnToolsVersion = 10.3;
					};
				};
			};
			buildConfigurationList = 510591A922EE31CF00CAF1BB /* Build configuration list for PBXProject "Sharks&Minnows" */;
			compatibilityVersion = "Xcode 9.3";
			developmentRegion = en;
			hasScannedForEncodings = 0;
			knownRegions = (
				en,
				Base,
			);
			mainGroup = 510591A522EE31CF00CAF1BB;
			productRefGroup = 510591AF22EE31CF00CAF1BB /* Products */;
			projectDirPath = "";
			projectRoot = "";
			targets = (
				510591AD22EE31CF00CAF1BB /* Sharks&Minnows */,
			);
		};
/* End PBXProject section */

/* Begin PBXResourcesBuildPhase section */
		510591AC22EE31CF00CAF1BB /* Resources */ = {
			isa = PBXResourcesBuildPhase;
			buildActionMask = 2147483647;
			files = (
				510591B422EE31CF00CAF1BB /* art.scnassets in Resources */,
				510591BE22EE31D000CAF1BB /* LaunchScreen.storyboard in Resources */,
				510591BB22EE31D000CAF1BB /* Assets.xcassets in Resources */,
				510591B922EE31CF00CAF1BB /* Main.storyboard in Resources */,
			);
			runOnlyForDeploymentPostprocessing = 0;
		};
/* End PBXResourcesBuildPhase section */

/* Begin PBXSourcesBuildPhase section */
		510591AA22EE31CF00CAF1BB /* Sources */ = {
			isa = PBXSourcesBuildPhase;
			buildActionMask = 2147483647;
			files = (
				510591B622EE31CF00CAF1BB /* ViewController.swift in Sources */,
				510591C622EE321000CAF1BB /* Tank.swift in Sources */,
				510591B222EE31CF00CAF1BB /* AppDelegate.swift in Sources */,
				5181249A22EE51CE00DBE339 /* Minnow.swift in Sources */,
			);
			runOnlyForDeploymentPostprocessing = 0;
		};
/* End PBXSourcesBuildPhase section */

/* Begin PBXVariantGroup section */
		510591B722EE31CF00CAF1BB /* Main.storyboard */ = {
			isa = PBXVariantGroup;
			children = (
				510591B822EE31CF00CAF1BB /* Base */,
			);
			name = Main.storyboard;
			sourceTree = "<group>";
		};
		510591BC22EE31D000CAF1BB /* LaunchScreen.storyboard */ = {
			isa = PBXVariantGroup;
			children = (
				510591BD22EE31D000CAF1BB /* Base */,
			);
			name = LaunchScreen.storyboard;
			sourceTree = "<group>";
		};
/* End PBXVariantGroup section */

/* Begin XCBuildConfiguration section */
		510591C022EE31D000CAF1BB /* Debug */ = {
			isa = XCBuildConfiguration;
			buildSettings = {
				ALWAYS_SEARCH_USER_PATHS = NO;
				CLANG_ANALYZER_NONNULL = YES;
				CLANG_ANALYZER_NUMBER_OBJECT_CONVERSION = YES_AGGRESSIVE;
				CLANG_CXX_LANGUAGE_STANDARD = "gnu++14";
				CLANG_CXX_LIBRARY = "libc++";
				CLANG_ENABLE_MODULES = YES;
				CLANG_ENABLE_OBJC_ARC = YES;
				CLANG_ENABLE_OBJC_WEAK = YES;
				CLANG_WARN_BLOCK_CAPTURE_AUTORELEASING = YES;
				CLANG_WARN_BOOL_CONVERSION = YES;
				CLANG_WARN_COMMA = YES;
				CLANG_WARN_CONSTANT_CONVERSION = YES;
				CLANG_WARN_DEPRECATED_OBJC_IMPLEMENTATIONS = YES;
				CLANG_WARN_DIRECT_OBJC_ISA_USAGE = YES_ERROR;
				CLANG_WARN_DOCUMENTATION_COMMENTS = YES;
				CLANG_WARN_EMPTY_BODY = YES;
				CLANG_WARN_ENUM_CONVERSION = YES;
				CLANG_WARN_INFINITE_RECURSION = YES;
				CLANG_WARN_INT_CONVERSION = YES;
				CLANG_WARN_NON_LITERAL_NULL_CONVERSION = YES;
				CLANG_WARN_OBJC_IMPLICIT_RETAIN_SELF = YES;
				CLANG_WARN_OBJC_LITERAL_CONVERSION = YES;
				CLANG_WARN_OBJC_ROOT_CLASS = YES_ERROR;
				CLANG_WARN_RANGE_LOOP_ANALYSIS = YES;
				CLANG_WARN_STRICT_PROTOTYPES = YES;
				CLANG_WARN_SUSPICIOUS_MOVE = YES;
				CLANG_WARN_UNGUARDED_AVAILABILITY = YES_AGGRESSIVE;
				CLANG_WARN_UNREACHABLE_CODE = YES;
				CLANG_WARN__DUPLICATE_METHOD_MATCH = YES;
				CODE_SIGN_IDENTITY = "iPhone Developer";
				COPY_PHASE_STRIP = NO;
				DEBUG_INFORMATION_FORMAT = dwarf;
				ENABLE_STRICT_OBJC_MSGSEND = YES;
				ENABLE_TESTABILITY = YES;
				GCC_C_LANGUAGE_STANDARD = gnu11;
				GCC_DYNAMIC_NO_PIC = NO;
				GCC_NO_COMMON_BLOCKS = YES;
				GCC_OPTIMIZATION_LEVEL = 0;
				GCC_PREPROCESSOR_DEFINITIONS = (
					"DEBUG=1",
					"$(inherited)",
				);
				GCC_WARN_64_TO_32_BIT_CONVERSION = YES;
				GCC_WARN_ABOUT_RETURN_TYPE = YES_ERROR;
				GCC_WARN_UNDECLARED_SELECTOR = YES;
				GCC_WARN_UNINITIALIZED_AUTOS = YES_AGGRESSIVE;
				GCC_WARN_UNUSED_FUNCTION = YES;
				GCC_WARN_UNUSED_VARIABLE = YES;
				IPHONEOS_DEPLOYMENT_TARGET = 12.4;
				MTL_ENABLE_DEBUG_INFO = INCLUDE_SOURCE;
				MTL_FAST_MATH = YES;
				ONLY_ACTIVE_ARCH = YES;
				SDKROOT = iphoneos;
				SWIFT_ACTIVE_COMPILATION_CONDITIONS = DEBUG;
				SWIFT_OPTIMIZATION_LEVEL = "-Onone";
			};
			name = Debug;
		};
		510591C122EE31D000CAF1BB /* Release */ = {
			isa = XCBuildConfiguration;
			buildSettings = {
				ALWAYS_SEARCH_USER_PATHS = NO;
				CLANG_ANALYZER_NONNULL = YES;
				CLANG_ANALYZER_NUMBER_OBJECT_CONVERSION = YES_AGGRESSIVE;
				CLANG_CXX_LANGUAGE_STANDARD = "gnu++14";
				CLANG_CXX_LIBRARY = "libc++";
				CLANG_ENABLE_MODULES = YES;
				CLANG_ENABLE_OBJC_ARC = YES;
				CLANG_ENABLE_OBJC_WEAK = YES;
				CLANG_WARN_BLOCK_CAPTURE_AUTORELEASING = YES;
				CLANG_WARN_BOOL_CONVERSION = YES;
				CLANG_WARN_COMMA = YES;
				CLANG_WARN_CONSTANT_CONVERSION = YES;
				CLANG_WARN_DEPRECATED_OBJC_IMPLEMENTATIONS = YES;
				CLANG_WARN_DIRECT_OBJC_ISA_USAGE = YES_ERROR;
				CLANG_WARN_DOCUMENTATION_COMMENTS = YES;
				CLANG_WARN_EMPTY_BODY = YES;
				CLANG_WARN_ENUM_CONVERSION = YES;
				CLANG_WARN_INFINITE_RECURSION = YES;
				CLANG_WARN_INT_CONVERSION = YES;
				CLANG_WARN_NON_LITERAL_NULL_CONVERSION = YES;
				CLANG_WARN_OBJC_IMPLICIT_RETAIN_SELF = YES;
				CLANG_WARN_OBJC_LITERAL_CONVERSION = YES;
				CLANG_WARN_OBJC_ROOT_CLASS = YES_ERROR;
				CLANG_WARN_RANGE_LOOP_ANALYSIS = YES;
				CLANG_WARN_STRICT_PROTOTYPES = YES;
				CLANG_WARN_SUSPICIOUS_MOVE = YES;
				CLANG_WARN_UNGUARDED_AVAILABILITY = YES_AGGRESSIVE;
				CLANG_WARN_UNREACHABLE_CODE = YES;
				CLANG_WARN__DUPLICATE_METHOD_MATCH = YES;
				CODE_SIGN_IDENTITY = "iPhone Developer";
				COPY_PHASE_STRIP = NO;
				DEBUG_INFORMATION_FORMAT = "dwarf-with-dsym";
				ENABLE_NS_ASSERTIONS = NO;
				ENABLE_STRICT_OBJC_MSGSEND = YES;
				GCC_C_LANGUAGE_STANDARD = gnu11;
				GCC_NO_COMMON_BLOCKS = YES;
				GCC_WARN_64_TO_32_BIT_CONVERSION = YES;
				GCC_WARN_ABOUT_RETURN_TYPE = YES_ERROR;
				GCC_WARN_UNDECLARED_SELECTOR = YES;
				GCC_WARN_UNINITIALIZED_AUTOS = YES_AGGRESSIVE;
				GCC_WARN_UNUSED_FUNCTION = YES;
				GCC_WARN_UNUSED_VARIABLE = YES;
				IPHONEOS_DEPLOYMENT_TARGET = 12.4;
				MTL_ENABLE_DEBUG_INFO = NO;
				MTL_FAST_MATH = YES;
				SDKROOT = iphoneos;
				SWIFT_COMPILATION_MODE = wholemodule;
				SWIFT_OPTIMIZATION_LEVEL = "-O";
				VALIDATE_PRODUCT = YES;
			};
			name = Release;
		};
		510591C322EE31D000CAF1BB /* Debug */ = {
			isa = XCBuildConfiguration;
			buildSettings = {
				ASSETCATALOG_COMPILER_APPICON_NAME = AppIcon;
				CODE_SIGN_STYLE = Automatic;
				DEVELOPMENT_TEAM = 8TDB85NTGY;
				INFOPLIST_FILE = "Sharks&Minnows/Info.plist";
				IPHONEOS_DEPLOYMENT_TARGET = 12.3;
				LD_RUNPATH_SEARCH_PATHS = (
					"$(inherited)",
					"@executable_path/Frameworks",
				);
				PRODUCT_BUNDLE_IDENTIFIER = "GRP.Test.SharkBoi-MinnowDude.Sharks-Minnows";
				PRODUCT_NAME = "$(TARGET_NAME)";
				SWIFT_VERSION = 5.0;
				TARGETED_DEVICE_FAMILY = "1,2";
			};
			name = Debug;
		};
		510591C422EE31D000CAF1BB /* Release */ = {
			isa = XCBuildConfiguration;
			buildSettings = {
				ASSETCATALOG_COMPILER_APPICON_NAME = AppIcon;
				CODE_SIGN_STYLE = Automatic;
				DEVELOPMENT_TEAM = 8TDB85NTGY;
				INFOPLIST_FILE = "Sharks&Minnows/Info.plist";
				IPHONEOS_DEPLOYMENT_TARGET = 12.3;
				LD_RUNPATH_SEARCH_PATHS = (
					"$(inherited)",
					"@executable_path/Frameworks",
				);
				PRODUCT_BUNDLE_IDENTIFIER = "GRP.Test.SharkBoi-MinnowDude.Sharks-Minnows";
				PRODUCT_NAME = "$(TARGET_NAME)";
				SWIFT_VERSION = 5.0;
				TARGETED_DEVICE_FAMILY = "1,2";
			};
			name = Release;
		};
/* End XCBuildConfiguration section */

/* Begin XCConfigurationList section */
		510591A922EE31CF00CAF1BB /* Build configuration list for PBXProject "Sharks&Minnows" */ = {
			isa = XCConfigurationList;
			buildConfigurations = (
				510591C022EE31D000CAF1BB /* Debug */,
				510591C122EE31D000CAF1BB /* Release */,
			);
			defaultConfigurationIsVisible = 0;
			defaultConfigurationName = Release;
		};
		510591C222EE31D000CAF1BB /* Build configuration list for PBXNativeTarget "Sharks&Minnows" */ = {
			isa = XCConfigurationList;
			buildConfigurations = (
				510591C322EE31D000CAF1BB /* Debug */,
				510591C422EE31D000CAF1BB /* Release */,
			);
			defaultConfigurationIsVisible = 0;
			defaultConfigurationName = Release;
		};
/* End XCConfigurationList section */
	};
	rootObject = 510591A622EE31CF00CAF1BB /* Project object */;
}
